// !$*UTF8*$!
{
	archiveVersion = 1;
	classes = {
	};
	objectVersion = 46;
	objects = {

/* Begin PBXBuildFile section */
		D811F0461E7CADED00925879 /* AppDelegate.swift in Sources */ = {isa = PBXBuildFile; fileRef = D811F0451E7CADED00925879 /* AppDelegate.swift */; };
		D811F0481E7CADED00925879 /* ViewController.swift in Sources */ = {isa = PBXBuildFile; fileRef = D811F0471E7CADED00925879 /* ViewController.swift */; };
		D811F04B1E7CADEE00925879 /* Main.storyboard in Resources */ = {isa = PBXBuildFile; fileRef = D811F0491E7CADEE00925879 /* Main.storyboard */; };
		D811F04D1E7CADEE00925879 /* Assets.xcassets in Resources */ = {isa = PBXBuildFile; fileRef = D811F04C1E7CADEE00925879 /* Assets.xcassets */; };
		D811F0501E7CADEE00925879 /* LaunchScreen.storyboard in Resources */ = {isa = PBXBuildFile; fileRef = D811F04E1E7CADEE00925879 /* LaunchScreen.storyboard */; };
/* End PBXBuildFile section */

/* Begin PBXFileReference section */
		D811F0421E7CADED00925879 /* cameraViewTest.app */ = {isa = PBXFileReference; explicitFileType = wrapper.application; includeInIndex = 0; path = cameraViewTest.app; sourceTree = BUILT_PRODUCTS_DIR; };
		D811F0451E7CADED00925879 /* AppDelegate.swift */ = {isa = PBXFileReference; lastKnownFileType = sourcecode.swift; path = AppDelegate.swift; sourceTree = "<group>"; };
		D811F0471E7CADED00925879 /* ViewController.swift */ = {isa = PBXFileReference; lastKnownFileType = sourcecode.swift; path = ViewController.swift; sourceTree = "<group>"; };
		D811F04A1E7CADEE00925879 /* Base */ = {isa = PBXFileReference; lastKnownFileType = file.storyboard; name = Base; path = Base.lproj/Main.storyboard; sourceTree = "<group>"; };
		D811F04C1E7CADEE00925879 /* Assets.xcassets */ = {isa = PBXFileReference; lastKnownFileType = folder.assetcatalog; path = Assets.xcassets; sourceTree = "<group>"; };
		D811F04F1E7CADEE00925879 /* Base */ = {isa = PBXFileReference; lastKnownFileType = file.storyboard; name = Base; path = Base.lproj/LaunchScreen.storyboard; sourceTree = "<group>"; };
		D811F0511E7CADEE00925879 /* Info.plist */ = {isa = PBXFileReference; lastKnownFileType = text.plist.xml; path = Info.plist; sourceTree = "<group>"; };
/* End PBXFileReference section */

/* Begin PBXFrameworksBuildPhase section */
		D811F03F1E7CADED00925879 /* Frameworks */ = {
			isa = PBXFrameworksBuildPhase;
			buildActionMask = 2147483647;
			files = (
			);
			runOnlyForDeploymentPostprocessing = 0;
		};
/* End PBXFrameworksBuildPhase section */

/* Begin PBXGroup section */
		D811F0391E7CADED00925879 = {
			isa = PBXGroup;
			children = (
				D811F0441E7CADED00925879 /* cameraViewTest */,
				D811F0431E7CADED00925879 /* Products */,
			);
			sourceTree = "<group>";
		};
		D811F0431E7CADED00925879 /* Products */ = {
			isa = PBXGroup;
			children = (
				D811F0421E7CADED00925879 /* cameraViewTest.app */,
			);
			name = Products;
			sourceTree = "<group>";
		};
		D811F0441E7CADED00925879 /* cameraViewTest */ = {
			isa = PBXGroup;
			children = (
				D811F0451E7CADED00925879 /* AppDelegate.swift */,
				D811F0471E7CADED00925879 /* ViewController.swift */,
				D811F0491E7CADEE00925879 /* Main.storyboard */,
				D811F04C1E7CADEE00925879 /* Assets.xcassets */,
				D811F04E1E7CADEE00925879 /* LaunchScreen.storyboard */,
				D811F0511E7CADEE00925879 /* Info.plist */,
			);
			path = cameraViewTest;
			sourceTree = "<group>";
		};
/* End PBXGroup section */

/* Begin PBXNativeTarget section */
		D811F0411E7CADED00925879 /* cameraViewTest */ = {
			isa = PBXNativeTarget;
			buildConfigurationList = D811F0541E7CADEE00925879 /* Build configuration list for PBXNativeTarget "cameraViewTest" */;
			buildPhases = (
				D811F03E1E7CADED00925879 /* Sources */,
				D811F03F1E7CADED00925879 /* Frameworks */,
				D811F0401E7CADED00925879 /* Resources */,
			);
			buildRules = (
			);
			dependencies = (
			);
			name = cameraViewTest;
			productName = cameraViewTest;
			productReference = D811F0421E7CADED00925879 /* cameraViewTest.app */;
			productType = "com.apple.product-type.application";
		};
/* End PBXNativeTarget section */

/* Begin PBXProject section */
		D811F03A1E7CADED00925879 /* Project object */ = {
			isa = PBXProject;
			attributes = {
				LastSwiftUpdateCheck = 0820;
				LastUpgradeCheck = 0820;
				ORGANIZATIONNAME = "Andrew Tokeley ";
				TargetAttributes = {
					D811F0411E7CADED00925879 = {
						CreatedOnToolsVersion = 8.2.1;
						ProvisioningStyle = Automatic;
					};
				};
			};
			buildConfigurationList = D811F03D1E7CADED00925879 /* Build configuration list for PBXProject "cameraViewTest" */;
			compatibilityVersion = "Xcode 3.2";
			developmentRegion = English;
			hasScannedForEncodings = 0;
			knownRegions = (
				en,
				Base,
			);
			mainGroup = D811F0391E7CADED00925879;
			productRefGroup = D811F0431E7CADED00925879 /* Products */;
			projectDirPath = "";
			projectRoot = "";
			targets = (
				D811F0411E7CADED00925879 /* cameraViewTest */,
			);
		};
/* End PBXProject section */

/* Begin PBXResourcesBuildPhase section */
		D811F0401E7CADED00925879 /* Resources */ = {
			isa = PBXResourcesBuildPhase;
			buildActionMask = 2147483647;
			files = (
				D811F0501E7CADEE00925879 /* LaunchScreen.storyboard in Resources */,
				D811F04D1E7CADEE00925879 /* Assets.xcassets in Resources */,
				D811F04B1E7CADEE00925879 /* Main.storyboard in Resources */,
			);
			runOnlyForDeploymentPostprocessing = 0;
		};
/* End PBXResourcesBuildPhase section */

/* Begin PBXSourcesBuildPhase section */
		D811F03E1E7CADED00925879 /* Sources */ = {
			isa = PBXSourcesBuildPhase;
			buildActionMask = 2147483647;
			files = (
				D811F0481E7CADED00925879 /* ViewController.swift in Sources */,
				D811F0461E7CADED00925879 /* AppDelegate.swift in Sources */,
			);
			runOnlyForDeploymentPostprocessing = 0;
		};
/* End PBXSourcesBuildPhase section */

/* Begin PBXVariantGroup section */
		D811F0491E7CADEE00925879 /* Main.storyboard */ = {
			isa = PBXVariantGroup;
			children = (
				D811F04A1E7CADEE00925879 /* Base */,
			);
			name = Main.storyboard;
			sourceTree = "<group>";
		};
		D811F04E1E7CADEE00925879 /* LaunchScreen.storyboard */ = {
			isa = PBXVariantGroup;
			children = (
				D811F04F1E7CADEE00925879 /* Base */,
			);
			name = LaunchScreen.storyboard;
			sourceTree = "<group>";
		};
/* End PBXVariantGroup section */

/* Begin XCBuildConfiguration section */
		D811F0521E7CADEE00925879 /* Debug */ = {
			isa = XCBuildConfiguration;
			buildSettings = {
				ALWAYS_SEARCH_USER_PATHS = NO;
				CLANG_ANALYZER_NONNULL = YES;
				CLANG_CXX_LANGUAGE_STANDARD = "gnu++0x";
				CLANG_CXX_LIBRARY = "libc++";
				CLANG_ENABLE_MODULES = YES;
				CLANG_ENABLE_OBJC_ARC = YES;
				CLANG_WARN_BOOL_CONVERSION = YES;
				CLANG_WARN_CONSTANT_CONVERSION = YES;
				CLANG_WARN_DIRECT_OBJC_ISA_USAGE = YES_ERROR;
				CLANG_WARN_DOCUMENTATION_COMMENTS = YES;
				CLANG_WARN_EMPTY_BODY = YES;
				CLANG_WARN_ENUM_CONVERSION = YES;
				CLANG_WARN_INFINITE_RECURSION = YES;
				CLANG_WARN_INT_CONVERSION = YES;
				CLANG_WARN_OBJC_ROOT_CLASS = YES_ERROR;
				CLANG_WARN_SUSPICIOUS_MOVE = YES;
				CLANG_WARN_UNREACHABLE_CODE = YES;
				CLANG_WARN__DUPLICATE_METHOD_MATCH = YES;
				"CODE_SIGN_IDENTITY[sdk=iphoneos*]" = "iPhone Developer";
				COPY_PHASE_STRIP = NO;
				DEBUG_INFORMATION_FORMAT = dwarf;
				ENABLE_STRICT_OBJC_MSGSEND = YES;
				ENABLE_TESTABILITY = YES;
				GCC_C_LANGUAGE_STANDARD = gnu99;
				GCC_DYNAMIC_NO_PIC = NO;
				GCC_NO_COMMON_BLOCKS = YES;
				GCC_OPTIMIZATION_LEVEL = 0;
				GCC_PREPROCESSOR_DEFINITIONS = (
					"DEBUG=1",
					"$(inherited)",
				);
				GCC_WARN_64_TO_32_BIT_CONVERSION = YES;
				GCC_WARN_ABOUT_RETURN_TYPE = YES_ERROR;
				GCC_WARN_UNDECLARED_SELECTOR = YES;
				GCC_WARN_UNINITIALIZED_AUTOS = YES_AGGRESSIVE;
				GCC_WARN_UNUSED_FUNCTION = YES;
				GCC_WARN_UNUSED_VARIABLE = YES;
				IPHONEOS_DEPLOYMENT_TARGET = 10.2;
				MTL_ENABLE_DEBUG_INFO = YES;
				ONLY_ACTIVE_ARCH = YES;
				SDKROOT = iphoneos;
				SWIFT_ACTIVE_COMPILATION_CONDITIONS = DEBUG;
				SWIFT_OPTIMIZATION_LEVEL = "-Onone";
				TARGETED_DEVICE_FAMILY = "1,2";
			};
			name = Debug;
		};
		D811F0531E7CADEE00925879 /* Release */ = {
			isa = XCBuildConfiguration;
			buildSettings = {
				ALWAYS_SEARCH_USER_PATHS = NO;
				CLANG_ANALYZER_NONNULL = YES;
				CLANG_CXX_LANGUAGE_STANDARD = "gnu++0x";
				CLANG_CXX_LIBRARY = "libc++";
				CLANG_ENABLE_MODULES = YES;
				CLANG_ENABLE_OBJC_ARC = YES;
				CLANG_WARN_BOOL_CONVERSION = YES;
				CLANG_WARN_CONSTANT_CONVERSION = YES;
				CLANG_WARN_DIRECT_OBJC_ISA_USAGE = YES_ERROR;
				CLANG_WARN_DOCUMENTATION_COMMENTS = YES;
				CLANG_WARN_EMPTY_BODY = YES;
				CLANG_WARN_ENUM_CONVERSION = YES;
				CLANG_WARN_INFINITE_RECURSION = YES;
				CLANG_WARN_INT_CONVERSION = YES;
				CLANG_WARN_OBJC_ROOT_CLASS = YES_ERROR;
				CLANG_WARN_SUSPICIOUS_MOVE = YES;
				CLANG_WARN_UNREACHABLE_CODE = YES;
				CLANG_WARN__DUPLICATE_METHOD_MATCH = YES;
				"CODE_SIGN_IDENTITY[sdk=iphoneos*]" = "iPhone Developer";
				COPY_PHASE_STRIP = NO;
				DEBUG_INFORMATION_FORMAT = "dwarf-with-dsym";
				ENABLE_NS_ASSERTIONS = NO;
				ENABLE_STRICT_OBJC_MSGSEND = YES;
				GCC_C_LANGUAGE_STANDARD = gnu99;
				GCC_NO_COMMON_BLOCKS = YES;
				GCC_WARN_64_TO_32_BIT_CONVERSION = YES;
				GCC_WARN_ABOUT_RETURN_TYPE = YES_ERROR;
				GCC_WARN_UNDECLARED_SELECTOR = YES;
				GCC_WARN_UNINITIALIZED_AUTOS = YES_AGGRESSIVE;
				GCC_WARN_UNUSED_FUNCTION = YES;
				GCC_WARN_UNUSED_VARIABLE = YES;
				IPHONEOS_DEPLOYMENT_TARGET = 10.2;
				MTL_ENABLE_DEBUG_INFO = NO;
				SDKROOT = iphoneos;
				SWIFT_OPTIMIZATION_LEVEL = "-Owholemodule";
				TARGETED_DEVICE_FAMILY = "1,2";
				VALIDATE_PRODUCT = YES;
			};
			name = Release;
		};
		D811F0551E7CADEE00925879 /* Debug */ = {
			isa = XCBuildConfiguration;
			buildSettings = {
				ASSETCATALOG_COMPILER_APPICON_NAME = AppIcon;
				INFOPLIST_FILE = cameraViewTest/Info.plist;
				LD_RUNPATH_SEARCH_PATHS = "$(inherited) @executable_path/Frameworks";
				PRODUCT_BUNDLE_IDENTIFIER = andrewtokeley.com.cameraViewTest;
				PRODUCT_NAME = "$(TARGET_NAME)";
				SWIFT_VERSION = 3.0;
			};
			name = Debug;
		};
		D811F0561E7CADEE00925879 /* Release */ = {
			isa = XCBuildConfiguration;
			buildSettings = {
				ASSETCATALOG_COMPILER_APPICON_NAME = AppIcon;
				INFOPLIST_FILE = cameraViewTest/Info.plist;
				LD_RUNPATH_SEARCH_PATHS = "$(inherited) @executable_path/Frameworks";
				PRODUCT_BUNDLE_IDENTIFIER = andrewtokeley.com.cameraViewTest;
				PRODUCT_NAME = "$(TARGET_NAME)";
				SWIFT_VERSION = 3.0;
			};
			name = Release;
		};
/* End XCBuildConfiguration section */

/* Begin XCConfigurationList section */
		D811F03D1E7CADED00925879 /* Build configuration list for PBXProject "cameraViewTest" */ = {
			isa = XCConfigurationList;
			buildConfigurations = (
				D811F0521E7CADEE00925879 /* Debug */,
				D811F0531E7CADEE00925879 /* Release */,
			);
			defaultConfigurationIsVisible = 0;
			defaultConfigurationName = Release;
		};
		D811F0541E7CADEE00925879 /* Build configuration list for PBXNativeTarget "cameraViewTest" */ = {
			isa = XCConfigurationList;
			buildConfigurations = (
				D811F0551E7CADEE00925879 /* Debug */,
				D811F0561E7CADEE00925879 /* Release */,
			);
			defaultConfigurationIsVisible = 0;
		};
/* End XCConfigurationList section */
	};
	rootObject = D811F03A1E7CADED00925879 /* Project object */;
}
